// !$*UTF8*$!
{
	archiveVersion = 1;
	classes = {
	};
	objectVersion = 50;
	objects = {

/* Begin PBXBuildFile section */
		DCC51F7D24B6DA74002345CA /* AppDelegate.swift in Sources */ = {isa = PBXBuildFile; fileRef = DCC51F7C24B6DA74002345CA /* AppDelegate.swift */; };
		DCC51F7F24B6DA74002345CA /* SceneDelegate.swift in Sources */ = {isa = PBXBuildFile; fileRef = DCC51F7E24B6DA74002345CA /* SceneDelegate.swift */; };
		DCC51F8124B6DA74002345CA /* ContentView.swift in Sources */ = {isa = PBXBuildFile; fileRef = DCC51F8024B6DA74002345CA /* ContentView.swift */; };
		DCC51F8324B6DA77002345CA /* Assets.xcassets in Resources */ = {isa = PBXBuildFile; fileRef = DCC51F8224B6DA77002345CA /* Assets.xcassets */; };
		DCC51F8624B6DA77002345CA /* Preview Assets.xcassets in Resources */ = {isa = PBXBuildFile; fileRef = DCC51F8524B6DA77002345CA /* Preview Assets.xcassets */; };
		DCC51F8924B6DA77002345CA /* LaunchScreen.storyboard in Resources */ = {isa = PBXBuildFile; fileRef = DCC51F8724B6DA77002345CA /* LaunchScreen.storyboard */; };
/* End PBXBuildFile section */

/* Begin PBXFileReference section */
		DCC51F7924B6DA74002345CA /* swiftui-customalignment.app */ = {isa = PBXFileReference; explicitFileType = wrapper.application; includeInIndex = 0; path = "swiftui-customalignment.app"; sourceTree = BUILT_PRODUCTS_DIR; };
		DCC51F7C24B6DA74002345CA /* AppDelegate.swift */ = {isa = PBXFileReference; lastKnownFileType = sourcecode.swift; path = AppDelegate.swift; sourceTree = "<group>"; };
		DCC51F7E24B6DA74002345CA /* SceneDelegate.swift */ = {isa = PBXFileReference; lastKnownFileType = sourcecode.swift; path = SceneDelegate.swift; sourceTree = "<group>"; };
		DCC51F8024B6DA74002345CA /* ContentView.swift */ = {isa = PBXFileReference; lastKnownFileType = sourcecode.swift; path = ContentView.swift; sourceTree = "<group>"; };
		DCC51F8224B6DA77002345CA /* Assets.xcassets */ = {isa = PBXFileReference; lastKnownFileType = folder.assetcatalog; path = Assets.xcassets; sourceTree = "<group>"; };
		DCC51F8524B6DA77002345CA /* Preview Assets.xcassets */ = {isa = PBXFileReference; lastKnownFileType = folder.assetcatalog; path = "Preview Assets.xcassets"; sourceTree = "<group>"; };
		DCC51F8824B6DA77002345CA /* Base */ = {isa = PBXFileReference; lastKnownFileType = file.storyboard; name = Base; path = Base.lproj/LaunchScreen.storyboard; sourceTree = "<group>"; };
		DCC51F8A24B6DA77002345CA /* Info.plist */ = {isa = PBXFileReference; lastKnownFileType = text.plist.xml; path = Info.plist; sourceTree = "<group>"; };
/* End PBXFileReference section */

/* Begin PBXFrameworksBuildPhase section */
		DCC51F7624B6DA74002345CA /* Frameworks */ = {
			isa = PBXFrameworksBuildPhase;
			buildActionMask = 2147483647;
			files = (
			);
			runOnlyForDeploymentPostprocessing = 0;
		};
/* End PBXFrameworksBuildPhase section */

/* Begin PBXGroup section */
		DCC51F7024B6DA74002345CA = {
			isa = PBXGroup;
			children = (
				DCC51F7B24B6DA74002345CA /* swiftui-customalignment */,
				DCC51F7A24B6DA74002345CA /* Products */,
			);
			sourceTree = "<group>";
		};
		DCC51F7A24B6DA74002345CA /* Products */ = {
			isa = PBXGroup;
			children = (
				DCC51F7924B6DA74002345CA /* swiftui-customalignment.app */,
			);
			name = Products;
			sourceTree = "<group>";
		};
		DCC51F7B24B6DA74002345CA /* swiftui-customalignment */ = {
			isa = PBXGroup;
			children = (
				DCC51F7C24B6DA74002345CA /* AppDelegate.swift */,
				DCC51F7E24B6DA74002345CA /* SceneDelegate.swift */,
				DCC51F8024B6DA74002345CA /* ContentView.swift */,
				DCC51F8224B6DA77002345CA /* Assets.xcassets */,
				DCC51F8724B6DA77002345CA /* LaunchScreen.storyboard */,
				DCC51F8A24B6DA77002345CA /* Info.plist */,
				DCC51F8424B6DA77002345CA /* Preview Content */,
			);
			path = "swiftui-customalignment";
			sourceTree = "<group>";
		};
		DCC51F8424B6DA77002345CA /* Preview Content */ = {
			isa = PBXGroup;
			children = (
				DCC51F8524B6DA77002345CA /* Preview Assets.xcassets */,
			);
			path = "Preview Content";
			sourceTree = "<group>";
		};
/* End PBXGroup section */

/* Begin PBXNativeTarget section */
		DCC51F7824B6DA74002345CA /* swiftui-customalignment */ = {
			isa = PBXNativeTarget;
			buildConfigurationList = DCC51F8D24B6DA77002345CA /* Build configuration list for PBXNativeTarget "swiftui-customalignment" */;
			buildPhases = (
				DCC51F7524B6DA74002345CA /* Sources */,
				DCC51F7624B6DA74002345CA /* Frameworks */,
				DCC51F7724B6DA74002345CA /* Resources */,
			);
			buildRules = (
			);
			dependencies = (
			);
			name = "swiftui-customalignment";
			productName = "swiftui-customalignment";
			productReference = DCC51F7924B6DA74002345CA /* swiftui-customalignment.app */;
			productType = "com.apple.product-type.application";
		};
/* End PBXNativeTarget section */

/* Begin PBXProject section */
		DCC51F7124B6DA74002345CA /* Project object */ = {
			isa = PBXProject;
			attributes = {
				LastSwiftUpdateCheck = 1150;
				LastUpgradeCheck = 1150;
				ORGANIZATIONNAME = "Rod Landaeta";
				TargetAttributes = {
					DCC51F7824B6DA74002345CA = {
						CreatedOnToolsVersion = 11.5;
					};
				};
			};
			buildConfigurationList = DCC51F7424B6DA74002345CA /* Build configuration list for PBXProject "swiftui-customalignment" */;
			compatibilityVersion = "Xcode 9.3";
			developmentRegion = en;
			hasScannedForEncodings = 0;
			knownRegions = (
				en,
				Base,
			);
			mainGroup = DCC51F7024B6DA74002345CA;
			productRefGroup = DCC51F7A24B6DA74002345CA /* Products */;
			projectDirPath = "";
			projectRoot = "";
			targets = (
				DCC51F7824B6DA74002345CA /* swiftui-customalignment */,
			);
		};
/* End PBXProject section */

/* Begin PBXResourcesBuildPhase section */
		DCC51F7724B6DA74002345CA /* Resources */ = {
			isa = PBXResourcesBuildPhase;
			buildActionMask = 2147483647;
			files = (
				DCC51F8924B6DA77002345CA /* LaunchScreen.storyboard in Resources */,
				DCC51F8624B6DA77002345CA /* Preview Assets.xcassets in Resources */,
				DCC51F8324B6DA77002345CA /* Assets.xcassets in Resources */,
			);
			runOnlyForDeploymentPostprocessing = 0;
		};
/* End PBXResourcesBuildPhase section */

/* Begin PBXSourcesBuildPhase section */
		DCC51F7524B6DA74002345CA /* Sources */ = {
			isa = PBXSourcesBuildPhase;
			buildActionMask = 2147483647;
			files = (
				DCC51F7D24B6DA74002345CA /* AppDelegate.swift in Sources */,
				DCC51F7F24B6DA74002345CA /* SceneDelegate.swift in Sources */,
				DCC51F8124B6DA74002345CA /* ContentView.swift in Sources */,
			);
			runOnlyForDeploymentPostprocessing = 0;
		};
/* End PBXSourcesBuildPhase section */

/* Begin PBXVariantGroup section */
		DCC51F8724B6DA77002345CA /* LaunchScreen.storyboard */ = {
			isa = PBXVariantGroup;
			children = (
				DCC51F8824B6DA77002345CA /* Base */,
			);
			name = LaunchScreen.storyboard;
			sourceTree = "<group>";
		};
/* End PBXVariantGroup section */

/* Begin XCBuildConfiguration section */
		DCC51F8B24B6DA77002345CA /* Debug */ = {
			isa = XCBuildConfiguration;
			buildSettings = {
				ALWAYS_SEARCH_USER_PATHS = NO;
				CLANG_ANALYZER_NONNULL = YES;
				CLANG_ANALYZER_NUMBER_OBJECT_CONVERSION = YES_AGGRESSIVE;
				CLANG_CXX_LANGUAGE_STANDARD = "gnu++14";
				CLANG_CXX_LIBRARY = "libc++";
				CLANG_ENABLE_MODULES = YES;
				CLANG_ENABLE_OBJC_ARC = YES;
				CLANG_ENABLE_OBJC_WEAK = YES;
				CLANG_WARN_BLOCK_CAPTURE_AUTORELEASING = YES;
				CLANG_WARN_BOOL_CONVERSION = YES;
				CLANG_WARN_COMMA = YES;
				CLANG_WARN_CONSTANT_CONVERSION = YES;
				CLANG_WARN_DEPRECATED_OBJC_IMPLEMENTATIONS = YES;
				CLANG_WARN_DIRECT_OBJC_ISA_USAGE = YES_ERROR;
				CLANG_WARN_DOCUMENTATION_COMMENTS = YES;
				CLANG_WARN_EMPTY_BODY = YES;
				CLANG_WARN_ENUM_CONVERSION = YES;
				CLANG_WARN_INFINITE_RECURSION = YES;
				CLANG_WARN_INT_CONVERSION = YES;
				CLANG_WARN_NON_LITERAL_NULL_CONVERSION = YES;
				CLANG_WARN_OBJC_IMPLICIT_RETAIN_SELF = YES;
				CLANG_WARN_OBJC_LITERAL_CONVERSION = YES;
				CLANG_WARN_OBJC_ROOT_CLASS = YES_ERROR;
				CLANG_WARN_RANGE_LOOP_ANALYSIS = YES;
				CLANG_WARN_STRICT_PROTOTYPES = YES;
				CLANG_WARN_SUSPICIOUS_MOVE = YES;
				CLANG_WARN_UNGUARDED_AVAILABILITY = YES_AGGRESSIVE;
				CLANG_WARN_UNREACHABLE_CODE = YES;
				CLANG_WARN__DUPLICATE_METHOD_MATCH = YES;
				COPY_PHASE_STRIP = NO;
				DEBUG_INFORMATION_FORMAT = dwarf;
				ENABLE_STRICT_OBJC_MSGSEND = YES;
				ENABLE_TESTABILITY = YES;
				GCC_C_LANGUAGE_STANDARD = gnu11;
				GCC_DYNAMIC_NO_PIC = NO;
				GCC_NO_COMMON_BLOCKS = YES;
				GCC_OPTIMIZATION_LEVEL = 0;
				GCC_PREPROCESSOR_DEFINITIONS = (
					"DEBUG=1",
					"$(inherited)",
				);
				GCC_WARN_64_TO_32_BIT_CONVERSION = YES;
				GCC_WARN_ABOUT_RETURN_TYPE = YES_ERROR;
				GCC_WARN_UNDECLARED_SELECTOR = YES;
				GCC_WARN_UNINITIALIZED_AUTOS = YES_AGGRESSIVE;
				GCC_WARN_UNUSED_FUNCTION = YES;
				GCC_WARN_UNUSED_VARIABLE = YES;
				IPHONEOS_DEPLOYMENT_TARGET = 13.5;
				MTL_ENABLE_DEBUG_INFO = INCLUDE_SOURCE;
				MTL_FAST_MATH = YES;
				ONLY_ACTIVE_ARCH = YES;
				SDKROOT = iphoneos;
				SWIFT_ACTIVE_COMPILATION_CONDITIONS = DEBUG;
				SWIFT_OPTIMIZATION_LEVEL = "-Onone";
			};
			name = Debug;
		};
		DCC51F8C24B6DA77002345CA /* Release */ = {
			isa = XCBuildConfiguration;
			buildSettings = {
				ALWAYS_SEARCH_USER_PATHS = NO;
				CLANG_ANALYZER_NONNULL = YES;
				CLANG_ANALYZER_NUMBER_OBJECT_CONVERSION = YES_AGGRESSIVE;
				CLANG_CXX_LANGUAGE_STANDARD = "gnu++14";
				CLANG_CXX_LIBRARY = "libc++";
				CLANG_ENABLE_MODULES = YES;
				CLANG_ENABLE_OBJC_ARC = YES;
				CLANG_ENABLE_OBJC_WEAK = YES;
				CLANG_WARN_BLOCK_CAPTURE_AUTORELEASING = YES;
				CLANG_WARN_BOOL_CONVERSION = YES;
				CLANG_WARN_COMMA = YES;
				CLANG_WARN_CONSTANT_CONVERSION = YES;
				CLANG_WARN_DEPRECATED_OBJC_IMPLEMENTATIONS = YES;
				CLANG_WARN_DIRECT_OBJC_ISA_USAGE = YES_ERROR;
				CLANG_WARN_DOCUMENTATION_COMMENTS = YES;
				CLANG_WARN_EMPTY_BODY = YES;
				CLANG_WARN_ENUM_CONVERSION = YES;
				CLANG_WARN_INFINITE_RECURSION = YES;
				CLANG_WARN_INT_CONVERSION = YES;
				CLANG_WARN_NON_LITERAL_NULL_CONVERSION = YES;
				CLANG_WARN_OBJC_IMPLICIT_RETAIN_SELF = YES;
				CLANG_WARN_OBJC_LITERAL_CONVERSION = YES;
				CLANG_WARN_OBJC_ROOT_CLASS = YES_ERROR;
				CLANG_WARN_RANGE_LOOP_ANALYSIS = YES;
				CLANG_WARN_STRICT_PROTOTYPES = YES;
				CLANG_WARN_SUSPICIOUS_MOVE = YES;
				CLANG_WARN_UNGUARDED_AVAILABILITY = YES_AGGRESSIVE;
				CLANG_WARN_UNREACHABLE_CODE = YES;
				CLANG_WARN__DUPLICATE_METHOD_MATCH = YES;
				COPY_PHASE_STRIP = NO;
				DEBUG_INFORMATION_FORMAT = "dwarf-with-dsym";
				ENABLE_NS_ASSERTIONS = NO;
				ENABLE_STRICT_OBJC_MSGSEND = YES;
				GCC_C_LANGUAGE_STANDARD = gnu11;
				GCC_NO_COMMON_BLOCKS = YES;
				GCC_WARN_64_TO_32_BIT_CONVERSION = YES;
				GCC_WARN_ABOUT_RETURN_TYPE = YES_ERROR;
				GCC_WARN_UNDECLARED_SELECTOR = YES;
				GCC_WARN_UNINITIALIZED_AUTOS = YES_AGGRESSIVE;
				GCC_WARN_UNUSED_FUNCTION = YES;
				GCC_WARN_UNUSED_VARIABLE = YES;
				IPHONEOS_DEPLOYMENT_TARGET = 13.5;
				MTL_ENABLE_DEBUG_INFO = NO;
				MTL_FAST_MATH = YES;
				SDKROOT = iphoneos;
				SWIFT_COMPILATION_MODE = wholemodule;
				SWIFT_OPTIMIZATION_LEVEL = "-O";
				VALIDATE_PRODUCT = YES;
			};
			name = Release;
		};
		DCC51F8E24B6DA77002345CA /* Debug */ = {
			isa = XCBuildConfiguration;
			buildSettings = {
				ASSETCATALOG_COMPILER_APPICON_NAME = AppIcon;
				CODE_SIGN_STYLE = Automatic;
				DEVELOPMENT_ASSET_PATHS = "\"swiftui-customalignment/Preview Content\"";
				DEVELOPMENT_TEAM = HC666XRGRA;
				ENABLE_PREVIEWS = YES;
				INFOPLIST_FILE = "swiftui-customalignment/Info.plist";
				LD_RUNPATH_SEARCH_PATHS = (
					"$(inherited)",
					"@executable_path/Frameworks",
				);
				PRODUCT_BUNDLE_IDENTIFIER = "org.rod.samples.swiftui-customalignment";
				PRODUCT_NAME = "$(TARGET_NAME)";
				SWIFT_VERSION = 5.0;
				TARGETED_DEVICE_FAMILY = "1,2";
			};
			name = Debug;
		};
		DCC51F8F24B6DA77002345CA /* Release */ = {
			isa = XCBuildConfiguration;
			buildSettings = {
				ASSETCATALOG_COMPILER_APPICON_NAME = AppIcon;
				CODE_SIGN_STYLE = Automatic;
				DEVELOPMENT_ASSET_PATHS = "\"swiftui-customalignment/Preview Content\"";
				DEVELOPMENT_TEAM = HC666XRGRA;
				ENABLE_PREVIEWS = YES;
				INFOPLIST_FILE = "swiftui-customalignment/Info.plist";
				LD_RUNPATH_SEARCH_PATHS = (
					"$(inherited)",
					"@executable_path/Frameworks",
				);
				PRODUCT_BUNDLE_IDENTIFIER = "org.rod.samples.swiftui-customalignment";
				PRODUCT_NAME = "$(TARGET_NAME)";
				SWIFT_VERSION = 5.0;
				TARGETED_DEVICE_FAMILY = "1,2";
			};
			name = Release;
		};
/* End XCBuildConfiguration section */

/* Begin XCConfigurationList section */
		DCC51F7424B6DA74002345CA /* Build configuration list for PBXProject "swiftui-customalignment" */ = {
			isa = XCConfigurationList;
			buildConfigurations = (
				DCC51F8B24B6DA77002345CA /* Debug */,
				DCC51F8C24B6DA77002345CA /* Release */,
			);
			defaultConfigurationIsVisible = 0;
			defaultConfigurationName = Release;
		};
		DCC51F8D24B6DA77002345CA /* Build configuration list for PBXNativeTarget "swiftui-customalignment" */ = {
			isa = XCConfigurationList;
			buildConfigurations = (
				DCC51F8E24B6DA77002345CA /* Debug */,
				DCC51F8F24B6DA77002345CA /* Release */,
			);
			defaultConfigurationIsVisible = 0;
			defaultConfigurationName = Release;
		};
/* End XCConfigurationList section */
	};
	rootObject = DCC51F7124B6DA74002345CA /* Project object */;
}
